// !$*UTF8*$!
{
	archiveVersion = 1;
	classes = {
	};
	objectVersion = 46;
	objects = {

/* Begin PBXBuildFile section */
		CEE3A45214CBCA99002897B7 /* UIKit.framework in Frameworks */ = {isa = PBXBuildFile; fileRef = CEE3A45114CBCA99002897B7 /* UIKit.framework */; };
		CEE3A45414CBCA99002897B7 /* Foundation.framework in Frameworks */ = {isa = PBXBuildFile; fileRef = CEE3A45314CBCA99002897B7 /* Foundation.framework */; };
		CEE3A45614CBCA99002897B7 /* CoreGraphics.framework in Frameworks */ = {isa = PBXBuildFile; fileRef = CEE3A45514CBCA99002897B7 /* CoreGraphics.framework */; };
		CEE3A45C14CBCA99002897B7 /* InfoPlist.strings in Resources */ = {isa = PBXBuildFile; fileRef = CEE3A45A14CBCA99002897B7 /* InfoPlist.strings */; };
		CEE3A45E14CBCA99002897B7 /* main.m in Sources */ = {isa = PBXBuildFile; fileRef = CEE3A45D14CBCA99002897B7 /* main.m */; };
		CEE3A46214CBCA99002897B7 /* AppDelegate.m in Sources */ = {isa = PBXBuildFile; fileRef = CEE3A46114CBCA99002897B7 /* AppDelegate.m */; };
		CEE3A46514CBCA99002897B7 /* FirstViewController.m in Sources */ = {isa = PBXBuildFile; fileRef = CEE3A46414CBCA99002897B7 /* FirstViewController.m */; };
		CEE3A46714CBCA99002897B7 /* first.png in Resources */ = {isa = PBXBuildFile; fileRef = CEE3A46614CBCA99002897B7 /* first.png */; };
		CEE3A46914CBCA99002897B7 /* first@2x.png in Resources */ = {isa = PBXBuildFile; fileRef = CEE3A46814CBCA99002897B7 /* first@2x.png */; };
		CEE3A46C14CBCA99002897B7 /* SecondViewController.m in Sources */ = {isa = PBXBuildFile; fileRef = CEE3A46B14CBCA99002897B7 /* SecondViewController.m */; };
		CEE3A46E14CBCA99002897B7 /* second.png in Resources */ = {isa = PBXBuildFile; fileRef = CEE3A46D14CBCA99002897B7 /* second.png */; };
		CEE3A47014CBCA99002897B7 /* second@2x.png in Resources */ = {isa = PBXBuildFile; fileRef = CEE3A46F14CBCA99002897B7 /* second@2x.png */; };
		CEE3A47314CBCA99002897B7 /* FirstViewController.xib in Resources */ = {isa = PBXBuildFile; fileRef = CEE3A47114CBCA99002897B7 /* FirstViewController.xib */; };
		CEE3A47614CBCA99002897B7 /* SecondViewController.xib in Resources */ = {isa = PBXBuildFile; fileRef = CEE3A47414CBCA99002897B7 /* SecondViewController.xib */; };
		CEE3A47E14CBCBD0002897B7 /* TestClass01.m in Sources */ = {isa = PBXBuildFile; fileRef = CEE3A47D14CBCBD0002897B7 /* TestClass01.m */; };
/* End PBXBuildFile section */

/* Begin PBXFileReference section */
		CEE3A44D14CBCA98002897B7 /* TestProject_01.app */ = {isa = PBXFileReference; explicitFileType = wrapper.application; includeInIndex = 0; path = TestProject_01.app; sourceTree = BUILT_PRODUCTS_DIR; };
		CEE3A45114CBCA99002897B7 /* UIKit.framework */ = {isa = PBXFileReference; lastKnownFileType = wrapper.framework; name = UIKit.framework; path = System/Library/Frameworks/UIKit.framework; sourceTree = SDKROOT; };
		CEE3A45314CBCA99002897B7 /* Foundation.framework */ = {isa = PBXFileReference; lastKnownFileType = wrapper.framework; name = Foundation.framework; path = System/Library/Frameworks/Foundation.framework; sourceTree = SDKROOT; };
		CEE3A45514CBCA99002897B7 /* CoreGraphics.framework */ = {isa = PBXFileReference; lastKnownFileType = wrapper.framework; name = CoreGraphics.framework; path = System/Library/Frameworks/CoreGraphics.framework; sourceTree = SDKROOT; };
		CEE3A45914CBCA99002897B7 /* TestProject_01-Info.plist */ = {isa = PBXFileReference; lastKnownFileType = text.plist.xml; path = "TestProject_01-Info.plist"; sourceTree = "<group>"; };
		CEE3A45B14CBCA99002897B7 /* en */ = {isa = PBXFileReference; lastKnownFileType = text.plist.strings; name = en; path = en.lproj/InfoPlist.strings; sourceTree = "<group>"; };
		CEE3A45D14CBCA99002897B7 /* main.m */ = {isa = PBXFileReference; lastKnownFileType = sourcecode.c.objc; path = main.m; sourceTree = "<group>"; };
		CEE3A45F14CBCA99002897B7 /* TestProject_01-Prefix.pch */ = {isa = PBXFileReference; lastKnownFileType = sourcecode.c.h; path = "TestProject_01-Prefix.pch"; sourceTree = "<group>"; };
		CEE3A46014CBCA99002897B7 /* AppDelegate.h */ = {isa = PBXFileReference; lastKnownFileType = sourcecode.c.h; path = AppDelegate.h; sourceTree = "<group>"; };
		CEE3A46114CBCA99002897B7 /* AppDelegate.m */ = {isa = PBXFileReference; lastKnownFileType = sourcecode.c.objc; path = AppDelegate.m; sourceTree = "<group>"; };
		CEE3A46314CBCA99002897B7 /* FirstViewController.h */ = {isa = PBXFileReference; lastKnownFileType = sourcecode.c.h; path = FirstViewController.h; sourceTree = "<group>"; };
		CEE3A46414CBCA99002897B7 /* FirstViewController.m */ = {isa = PBXFileReference; lastKnownFileType = sourcecode.c.objc; path = FirstViewController.m; sourceTree = "<group>"; };
		CEE3A46614CBCA99002897B7 /* first.png */ = {isa = PBXFileReference; lastKnownFileType = image.png; path = first.png; sourceTree = "<group>"; };
		CEE3A46814CBCA99002897B7 /* first@2x.png */ = {isa = PBXFileReference; lastKnownFileType = image.png; path = "first@2x.png"; sourceTree = "<group>"; };
		CEE3A46A14CBCA99002897B7 /* SecondViewController.h */ = {isa = PBXFileReference; lastKnownFileType = sourcecode.c.h; path = SecondViewController.h; sourceTree = "<group>"; };
		CEE3A46B14CBCA99002897B7 /* SecondViewController.m */ = {isa = PBXFileReference; lastKnownFileType = sourcecode.c.objc; path = SecondViewController.m; sourceTree = "<group>"; };
		CEE3A46D14CBCA99002897B7 /* second.png */ = {isa = PBXFileReference; lastKnownFileType = image.png; path = second.png; sourceTree = "<group>"; };
		CEE3A46F14CBCA99002897B7 /* second@2x.png */ = {isa = PBXFileReference; lastKnownFileType = image.png; path = "second@2x.png"; sourceTree = "<group>"; };
		CEE3A47214CBCA99002897B7 /* en */ = {isa = PBXFileReference; lastKnownFileType = file.xib; name = en; path = en.lproj/FirstViewController.xib; sourceTree = "<group>"; };
		CEE3A47514CBCA99002897B7 /* en */ = {isa = PBXFileReference; lastKnownFileType = file.xib; name = en; path = en.lproj/SecondViewController.xib; sourceTree = "<group>"; };
		CEE3A47C14CBCBD0002897B7 /* TestClass01.h */ = {isa = PBXFileReference; fileEncoding = 4; lastKnownFileType = sourcecode.c.h; path = TestClass01.h; sourceTree = "<group>"; };
		CEE3A47D14CBCBD0002897B7 /* TestClass01.m */ = {isa = PBXFileReference; fileEncoding = 4; lastKnownFileType = sourcecode.c.objc; path = TestClass01.m; sourceTree = "<group>"; };
/* End PBXFileReference section */

/* Begin PBXFrameworksBuildPhase section */
		CEE3A44A14CBCA98002897B7 /* Frameworks */ = {
			isa = PBXFrameworksBuildPhase;
			buildActionMask = 2147483647;
			files = (
				CEE3A45214CBCA99002897B7 /* UIKit.framework in Frameworks */,
				CEE3A45414CBCA99002897B7 /* Foundation.framework in Frameworks */,
				CEE3A45614CBCA99002897B7 /* CoreGraphics.framework in Frameworks */,
			);
			runOnlyForDeploymentPostprocessing = 0;
		};
/* End PBXFrameworksBuildPhase section */

/* Begin PBXGroup section */
		CEE3A44214CBCA98002897B7 = {
			isa = PBXGroup;
			children = (
				CEE3A45714CBCA99002897B7 /* TestProject_01 */,
				CEE3A45014CBCA99002897B7 /* Frameworks */,
				CEE3A44E14CBCA98002897B7 /* Products */,
			);
			sourceTree = "<group>";
		};
		CEE3A44E14CBCA98002897B7 /* Products */ = {
			isa = PBXGroup;
			children = (
				CEE3A44D14CBCA98002897B7 /* TestProject_01.app */,
			);
			name = Products;
			sourceTree = "<group>";
		};
		CEE3A45014CBCA99002897B7 /* Frameworks */ = {
			isa = PBXGroup;
			children = (
				CEE3A45114CBCA99002897B7 /* UIKit.framework */,
				CEE3A45314CBCA99002897B7 /* Foundation.framework */,
				CEE3A45514CBCA99002897B7 /* CoreGraphics.framework */,
			);
			name = Frameworks;
			sourceTree = "<group>";
		};
		CEE3A45714CBCA99002897B7 /* TestProject_01 */ = {
			isa = PBXGroup;
			children = (
				CEE3A46014CBCA99002897B7 /* AppDelegate.h */,
				CEE3A46114CBCA99002897B7 /* AppDelegate.m */,
				CEE3A46314CBCA99002897B7 /* FirstViewController.h */,
				CEE3A46414CBCA99002897B7 /* FirstViewController.m */,
				CEE3A46614CBCA99002897B7 /* first.png */,
				CEE3A46814CBCA99002897B7 /* first@2x.png */,
				CEE3A46A14CBCA99002897B7 /* SecondViewController.h */,
				CEE3A46B14CBCA99002897B7 /* SecondViewController.m */,
				CEE3A46D14CBCA99002897B7 /* second.png */,
				CEE3A46F14CBCA99002897B7 /* second@2x.png */,
				CEE3A47114CBCA99002897B7 /* FirstViewController.xib */,
				CEE3A47414CBCA99002897B7 /* SecondViewController.xib */,
				CEE3A45814CBCA99002897B7 /* Supporting Files */,
				CEE3A47C14CBCBD0002897B7 /* TestClass01.h */,
				CEE3A47D14CBCBD0002897B7 /* TestClass01.m */,
			);
			path = TestProject_01;
			sourceTree = "<group>";
		};
		CEE3A45814CBCA99002897B7 /* Supporting Files */ = {
			isa = PBXGroup;
			children = (
				CEE3A45914CBCA99002897B7 /* TestProject_01-Info.plist */,
				CEE3A45A14CBCA99002897B7 /* InfoPlist.strings */,
				CEE3A45D14CBCA99002897B7 /* main.m */,
				CEE3A45F14CBCA99002897B7 /* TestProject_01-Prefix.pch */,
			);
			name = "Supporting Files";
			sourceTree = "<group>";
		};
/* End PBXGroup section */

/* Begin PBXNativeTarget section */
		CEE3A44C14CBCA98002897B7 /* TestProject_01 */ = {
			isa = PBXNativeTarget;
			buildConfigurationList = CEE3A47914CBCA99002897B7 /* Build configuration list for PBXNativeTarget "TestProject_01" */;
			buildPhases = (
				CEE3A44914CBCA98002897B7 /* Sources */,
				CEE3A44A14CBCA98002897B7 /* Frameworks */,
				CEE3A44B14CBCA98002897B7 /* Resources */,
			);
			buildRules = (
			);
			dependencies = (
			);
			name = TestProject_01;
			productName = TestProject_01;
			productReference = CEE3A44D14CBCA98002897B7 /* TestProject_01.app */;
			productType = "com.apple.product-type.application";
		};
/* End PBXNativeTarget section */

/* Begin PBXProject section */
		CEE3A44414CBCA98002897B7 /* Project object */ = {
			isa = PBXProject;
			attributes = {
				LastUpgradeCheck = 0420;
			};
			buildConfigurationList = CEE3A44714CBCA98002897B7 /* Build configuration list for PBXProject "TestProject_01" */;
			compatibilityVersion = "Xcode 3.2";
			developmentRegion = English;
			hasScannedForEncodings = 0;
			knownRegions = (
				en,
			);
			mainGroup = CEE3A44214CBCA98002897B7;
			productRefGroup = CEE3A44E14CBCA98002897B7 /* Products */;
			projectDirPath = "";
			projectRoot = "";
			targets = (
				CEE3A44C14CBCA98002897B7 /* TestProject_01 */,
			);
		};
/* End PBXProject section */

/* Begin PBXResourcesBuildPhase section */
		CEE3A44B14CBCA98002897B7 /* Resources */ = {
			isa = PBXResourcesBuildPhase;
			buildActionMask = 2147483647;
			files = (
				CEE3A45C14CBCA99002897B7 /* InfoPlist.strings in Resources */,
				CEE3A46714CBCA99002897B7 /* first.png in Resources */,
				CEE3A46914CBCA99002897B7 /* first@2x.png in Resources */,
				CEE3A46E14CBCA99002897B7 /* second.png in Resources */,
				CEE3A47014CBCA99002897B7 /* second@2x.png in Resources */,
				CEE3A47314CBCA99002897B7 /* FirstViewController.xib in Resources */,
				CEE3A47614CBCA99002897B7 /* SecondViewController.xib in Resources */,
			);
			runOnlyForDeploymentPostprocessing = 0;
		};
/* End PBXResourcesBuildPhase section */

/* Begin PBXSourcesBuildPhase section */
		CEE3A44914CBCA98002897B7 /* Sources */ = {
			isa = PBXSourcesBuildPhase;
			buildActionMask = 2147483647;
			files = (
				CEE3A45E14CBCA99002897B7 /* main.m in Sources */,
				CEE3A46214CBCA99002897B7 /* AppDelegate.m in Sources */,
				CEE3A46514CBCA99002897B7 /* FirstViewController.m in Sources */,
				CEE3A46C14CBCA99002897B7 /* SecondViewController.m in Sources */,
				CEE3A47E14CBCBD0002897B7 /* TestClass01.m in Sources */,
			);
			runOnlyForDeploymentPostprocessing = 0;
		};
/* End PBXSourcesBuildPhase section */

/* Begin PBXVariantGroup section */
		CEE3A45A14CBCA99002897B7 /* InfoPlist.strings */ = {
			isa = PBXVariantGroup;
			children = (
				CEE3A45B14CBCA99002897B7 /* en */,
			);
			name = InfoPlist.strings;
			sourceTree = "<group>";
		};
		CEE3A47114CBCA99002897B7 /* FirstViewController.xib */ = {
			isa = PBXVariantGroup;
			children = (
				CEE3A47214CBCA99002897B7 /* en */,
			);
			name = FirstViewController.xib;
			sourceTree = "<group>";
		};
		CEE3A47414CBCA99002897B7 /* SecondViewController.xib */ = {
			isa = PBXVariantGroup;
			children = (
				CEE3A47514CBCA99002897B7 /* en */,
			);
			name = SecondViewController.xib;
			sourceTree = "<group>";
		};
/* End PBXVariantGroup section */

/* Begin XCBuildConfiguration section */
		CEE3A47714CBCA99002897B7 /* Debug */ = {
			isa = XCBuildConfiguration;
			buildSettings = {
				ALWAYS_SEARCH_USER_PATHS = NO;
				ARCHS = "$(ARCHS_STANDARD_32_BIT)";
				CLANG_ENABLE_OBJC_ARC = YES;
				"CODE_SIGN_IDENTITY[sdk=iphoneos*]" = "iPhone Developer";
				COPY_PHASE_STRIP = NO;
				GCC_C_LANGUAGE_STANDARD = gnu99;
				GCC_DYNAMIC_NO_PIC = NO;
				GCC_OPTIMIZATION_LEVEL = 0;
				GCC_PREPROCESSOR_DEFINITIONS = (
					"DEBUG=1",
					"$(inherited)",
				);
				GCC_SYMBOLS_PRIVATE_EXTERN = NO;
				GCC_VERSION = com.apple.compilers.llvm.clang.1_0;
				GCC_WARN_ABOUT_MISSING_PROTOTYPES = YES;
				GCC_WARN_ABOUT_RETURN_TYPE = YES;
				GCC_WARN_UNUSED_VARIABLE = YES;
				IPHONEOS_DEPLOYMENT_TARGET = 5.0;
				SDKROOT = iphoneos;
			};
			name = Debug;
		};
		CEE3A47814CBCA99002897B7 /* Release */ = {
			isa = XCBuildConfiguration;
			buildSettings = {
				ALWAYS_SEARCH_USER_PATHS = NO;
				ARCHS = "$(ARCHS_STANDARD_32_BIT)";
				CLANG_ENABLE_OBJC_ARC = YES;
				"CODE_SIGN_IDENTITY[sdk=iphoneos*]" = "iPhone Developer";
				COPY_PHASE_STRIP = YES;
				GCC_C_LANGUAGE_STANDARD = gnu99;
				GCC_VERSION = com.apple.compilers.llvm.clang.1_0;
				GCC_WARN_ABOUT_MISSING_PROTOTYPES = YES;
				GCC_WARN_ABOUT_RETURN_TYPE = YES;
				GCC_WARN_UNUSED_VARIABLE = YES;
				IPHONEOS_DEPLOYMENT_TARGET = 5.0;
				OTHER_CFLAGS = "-DNS_BLOCK_ASSERTIONS=1";
				SDKROOT = iphoneos;
				VALIDATE_PRODUCT = YES;
			};
			name = Release;
		};
		CEE3A47A14CBCA99002897B7 /* Debug */ = {
			isa = XCBuildConfiguration;
			buildSettings = {
				GCC_PRECOMPILE_PREFIX_HEADER = YES;
				GCC_PREFIX_HEADER = "TestProject_01/TestProject_01-Prefix.pch";
				INFOPLIST_FILE = "TestProject_01/TestProject_01-Info.plist";
				PRODUCT_NAME = "$(TARGET_NAME)";
				WRAPPER_EXTENSION = app;
			};
			name = Debug;
		};
		CEE3A47B14CBCA99002897B7 /* Release */ = {
			isa = XCBuildConfiguration;
			buildSettings = {
				GCC_PRECOMPILE_PREFIX_HEADER = YES;
				GCC_PREFIX_HEADER = "TestProject_01/TestProject_01-Prefix.pch";
				INFOPLIST_FILE = "TestProject_01/TestProject_01-Info.plist";
				PRODUCT_NAME = "$(TARGET_NAME)";
				WRAPPER_EXTENSION = app;
			};
			name = Release;
		};
/* End XCBuildConfiguration section */

/* Begin XCConfigurationList section */
		CEE3A44714CBCA98002897B7 /* Build configuration list for PBXProject "TestProject_01" */ = {
			isa = XCConfigurationList;
			buildConfigurations = (
				CEE3A47714CBCA99002897B7 /* Debug */,
				CEE3A47814CBCA99002897B7 /* Release */,
			);
			defaultConfigurationIsVisible = 0;
			defaultConfigurationName = Release;
		};
		CEE3A47914CBCA99002897B7 /* Build configuration list for PBXNativeTarget "TestProject_01" */ = {
			isa = XCConfigurationList;
			buildConfigurations = (
				CEE3A47A14CBCA99002897B7 /* Debug */,
				CEE3A47B14CBCA99002897B7 /* Release */,
			);
			defaultConfigurationIsVisible = 0;
		};
/* End XCConfigurationList section */
	};
	rootObject = CEE3A44414CBCA98002897B7 /* Project object */;
}
